<?xml version="1.0" encoding="utf-8"?>
<Project ToolsVersion="4.0" xmlns="http://schemas.microsoft.com/developer/msbuild/2003">
  <ItemGroup>
    <Filter Include="源文件">
      <UniqueIdentifier>{4FC737F1-C7A5-4376-A066-2A32D752A2FF}</UniqueIdentifier>
      <Extensions>cpp;c;cc;cxx;def;odl;idl;hpj;bat;asm;asmx</Extensions>
    </Filter>
    <Filter Include="头文件">
      <UniqueIdentifier>{93995380-89BD-4b04-88EB-625FBE52EBFB}</UniqueIdentifier>
      <Extensions>h;hh;hpp;hxx;hm;inl;inc;xsd</Extensions>
    </Filter>
    <Filter Include="资源文件">
      <UniqueIdentifier>{67DA6AB6-F800-4c08-8B7A-83BB121AAD01}</UniqueIdentifier>
      <Extensions>rc;ico;cur;bmp;dlg;rc2;rct;bin;rgs;gif;jpg;jpeg;jpe;resx;tiff;tif;png;wav;mfcribbon-ms</Extensions>
    </Filter>
    <Filter Include="Log">
      <UniqueIdentifier>{f95c18bd-9b1f-4dc7-9879-7b64e0be00ec}</UniqueIdentifier>
    </Filter>
  </ItemGroup>
  <ItemGroup>
    <Text Include="ReadMe.txt" />
  </ItemGroup>
  <ItemGroup>
    <ClInclude Include="..\include\vrConfigureParser.h">
      <Filter>头文件</Filter>
    </ClInclude>
    <ClInclude Include="..\include\vrCoordinate.h">
      <Filter>头文件</Filter>
    </ClInclude>
    <ClInclude Include="..\include\vrFileSystem.h">
      <Filter>头文件</Filter>
    </ClInclude>
    <ClInclude Include="..\include\vrIterator.h">
      <Filter>头文件</Filter>
    </ClInclude>
    <ClInclude Include="..\include\vrMacro.h">
      <Filter>头文件</Filter>
    </ClInclude>
    <ClInclude Include="..\include\vrPrintf.h">
      <Filter>头文件</Filter>
    </ClInclude>
    <ClInclude Include="..\include\vrString.h">
      <Filter>头文件</Filter>
    </ClInclude>
    <ClInclude Include="..\include\vrTypes.h">
      <Filter>头文件</Filter>
    </ClInclude>
    <ClInclude Include="..\include\log\easylogging++.h">
      <Filter>Log</Filter>
    </ClInclude>
    <ClInclude Include="..\include\vrBase.h">
      <Filter>头文件</Filter>
    </ClInclude>
    <ClInclude Include="..\include\vrLog.h">
      <Filter>头文件</Filter>
    </ClInclude>
    <ClInclude Include="..\include\vrRotation.h">
      <Filter>头文件</Filter>
    </ClInclude>
  </ItemGroup>
  <ItemGroup>
    <ClCompile Include="vrFileSystem.cpp">
      <Filter>源文件</Filter>
    </ClCompile>
    <ClCompile Include="vrConfigureParser.cpp">
      <Filter>源文件</Filter>
    </ClCompile>
    <ClCompile Include="vrCoordinate.cpp">
      <Filter>源文件</Filter>
    </ClCompile>
    <ClCompile Include="vrIterator.cpp">
      <Filter>源文件</Filter>
    </ClCompile>
    <ClCompile Include="vrString.cpp">
      <Filter>源文件</Filter>
    </ClCompile>
    <ClCompile Include="vrRotation.cpp">
      <Filter>源文件</Filter>
    </ClCompile>
  </ItemGroup>
</Project>